<?xml version="1.0" encoding="utf-8"?>
<Project ToolsVersion="4.0" xmlns="http://schemas.microsoft.com/developer/msbuild/2003">
  <ItemGroup>
    <Filter Include="Headers">
      <UniqueIdentifier>{93995380-89BD-4b04-88EB-625FBE52EBFB}</UniqueIdentifier>
      <Extensions>h;hh;hpp;hxx;hm;inl;inc;ipp;xsd</Extensions>
    </Filter>
    <Filter Include="Sources">
      <UniqueIdentifier>{4FC737F1-C7A5-4376-A066-2A32D752A2FF}</UniqueIdentifier>
      <Extensions>cpp;c;cc;cxx;def;odl;idl;hpj;bat;asm;asmx</Extensions>
    </Filter>
    <Filter Include="Resources">
      <UniqueIdentifier>{67DA6AB6-F800-4c08-8B7A-83BB121AAD01}</UniqueIdentifier>
      <Extensions>rc;ico;cur;bmp;dlg;rc2;rct;bin;rgs;gif;jpg;jpeg;jpe;resx;tiff;tif;png;wav;mfcribbon-ms</Extensions>
    </Filter>
  </ItemGroup>
  <ItemGroup>
    <ClCompile Include="..\src\dll\hookdll_main.c">
      <Filter>Sources</Filter>
    </ClCompile>
    <ClCompile Include="..\src\dll\hook_cygwin_msvcstub.c">
      <Filter>Sources</Filter>
    </ClCompile>
    <ClCompile Include="..\src\dll\hook_connect_win32.c">
      <Filter>Sources</Filter>
    </ClCompile>
    <ClCompile Include="..\src\dll\hook_createprocess_win32.c">
      <Filter>Sources</Filter>
    </ClCompile>
    <ClCompile Include="..\src\dll\ipc_client_and_child_data.c">
      <Filter>Sources</Filter>
    </ClCompile>
    <ClCompile Include="..\src\dll\hook_installer.c">
      <Filter>Sources</Filter>
    </ClCompile>
    <ClCompile Include="..\src\dll\hookdll_util_log_win32.c">
      <Filter>Sources</Filter>
    </ClCompile>
    <ClCompile Include="..\src\dll\hookdll_util_wsock_win32.c">
      <Filter>Sources</Filter>
    </ClCompile>
    <ClCompile Include="..\src\dll\hookdll_util_ipc_message_win32.c">
      <Filter>Sources</Filter>
    </ClCompile>
  </ItemGroup>
  <ItemGroup>
    <ClInclude Include="..\include\MinHook.h">
      <Filter>Headers</Filter>
    </ClInclude>
    <ClInclude Include="..\include\remote_win32.h">
      <Filter>Headers</Filter>
    </ClInclude>
    <ClInclude Include="..\include\defines_generic.h">
      <Filter>Headers</Filter>
    </ClInclude>
    <ClInclude Include="..\include\defines_win32.h">
      <Filter>Headers</Filter>
    </ClInclude>
    <ClInclude Include="..\include\hookdll_generic.h">
      <Filter>Headers</Filter>
    </ClInclude>
    <ClInclude Include="..\include\hookdll_win32.h">
      <Filter>Headers</Filter>
    </ClInclude>
    <ClInclude Include="..\include\includes_generic.h">
      <Filter>Headers</Filter>
    </ClInclude>
    <ClInclude Include="..\include\includes_win32.h">
      <Filter>Headers</Filter>
    </ClInclude>
    <ClInclude Include="..\include\hookdll_util_ipc_generic.h">
      <Filter>Headers</Filter>
    </ClInclude>
    <ClInclude Include="..\include\hookdll_util_ipc_win32.h">
      <Filter>Headers</Filter>
    </ClInclude>
    <ClInclude Include="..\include\log_generic.h">
      <Filter>Headers</Filter>
    </ClInclude>
    <ClInclude Include="..\include\log_win32.h">
      <Filter>Headers</Filter>
    </ClInclude>
    <ClInclude Include="..\include\proxy_core.h">
      <Filter>Headers</Filter>
    </ClInclude>
    <ClInclude Include="..\include\hookdll_util_win32.h">
      <Filter>Headers</Filter>
    </ClInclude>
    <ClInclude Include="..\include\hookdll_util_generic.h">
      <Filter>Headers</Filter>
    </ClInclude>
    <ClInclude Include="..\include\ut_helpers.h">
      <Filter>Headers</Filter>
    </ClInclude>
    <ClInclude Include="..\include\utarray.h">
      <Filter>Headers</Filter>
    </ClInclude>
    <ClInclude Include="..\include\uthash.h">
      <Filter>Headers</Filter>
    </ClInclude>
    <ClInclude Include="..\include\utlist.h">
      <Filter>Headers</Filter>
    </ClInclude>
    <ClInclude Include="..\include\tls_generic.h">
      <Filter>Headers</Filter>
    </ClInclude>
    <ClInclude Include="..\include\tls_win32.h">
      <Filter>Headers</Filter>
    </ClInclude>
  </ItemGroup>
</Project>