
Microsoft Visual Studio Solution File, Format Version 12.00
# Visual Studio Version 16
VisualStudioVersion = 16.0.29613.14
MinimumVisualStudioVersion = 10.0.40219.1
Project("{8BC9CEB8-8B4A-11D0-8D11-00A0C91BC942}") = "proxychains_common", "proxychains_common\proxychains_common.vcxproj", "{D7744E4C-B1F8-495B-BDD4-DCDB0738B2BE}"
EndProject
Project("{8BC9CEB8-8B4A-11D0-8D11-00A0C91BC942}") = "StaticLib1", "StaticLib1\StaticLib1.vcxproj", "{7964A509-EE11-4F11-885B-DB24C81243A7}"
EndProject
Project("{8BC9CEB8-8B4A-11D0-8D11-00A0C91BC942}") = "proxychains.exe", "proxychains.exe\proxychains.exe.vcxproj", "{3F3F5D43-FEE4-4656-A992-D4D0371E303D}"
	ProjectSection(ProjectDependencies) = postProject
		{D7744E4C-B1F8-495B-BDD4-DCDB0738B2BE} = {D7744E4C-B1F8-495B-BDD4-DCDB0738B2BE}
	EndProjectSection
EndProject
Project("{8BC9CEB8-8B4A-11D0-8D11-00A0C91BC942}") = "proxychains_hook.dll", "proxychains_hook.dll\proxychains_hook.dll.vcxproj", "{FDBD3C8E-2DDF-4BBB-A157-0CB0054D5782}"
	ProjectSection(ProjectDependencies) = postProject
		{D7744E4C-B1F8-495B-BDD4-DCDB0738B2BE} = {D7744E4C-B1F8-495B-BDD4-DCDB0738B2BE}
	EndProjectSection
EndProject
Project("{8BC9CEB8-8B4A-11D0-8D11-00A0C91BC942}") = "test", "test\test.vcxproj", "{0D8AB1EC-7D1C-4475-AB7E-411F36137C94}"
EndProject
Global
	GlobalSection(SolutionConfigurationPlatforms) = preSolution
		Debug|x64 = Debug|x64
		Debug|x86 = Debug|x86
		Release|x64 = Release|x64
		Release|x86 = Release|x86
	EndGlobalSection
	GlobalSection(ProjectConfigurationPlatforms) = postSolution
		{D7744E4C-B1F8-495B-BDD4-DCDB0738B2BE}.Debug|x64.ActiveCfg = Debug|x64
		{D7744E4C-B1F8-495B-BDD4-DCDB0738B2BE}.Debug|x64.Build.0 = Debug|x64
		{D7744E4C-B1F8-495B-BDD4-DCDB0738B2BE}.Debug|x86.ActiveCfg = Debug|Win32
		{D7744E4C-B1F8-495B-BDD4-DCDB0738B2BE}.Debug|x86.Build.0 = Debug|Win32
		{D7744E4C-B1F8-495B-BDD4-DCDB0738B2BE}.Release|x64.ActiveCfg = Release|x64
		{D7744E4C-B1F8-495B-BDD4-DCDB0738B2BE}.Release|x64.Build.0 = Release|x64
		{D7744E4C-B1F8-495B-BDD4-DCDB0738B2BE}.Release|x86.ActiveCfg = Release|Win32
		{D7744E4C-B1F8-495B-BDD4-DCDB0738B2BE}.Release|x86.Build.0 = Release|Win32
		{7964A509-EE11-4F11-885B-DB24C81243A7}.Debug|x64.ActiveCfg = Debug|x64
		{7964A509-EE11-4F11-885B-DB24C81243A7}.Debug|x64.Build.0 = Debug|x64
		{7964A509-EE11-4F11-885B-DB24C81243A7}.Debug|x86.ActiveCfg = Debug|Win32
		{7964A509-EE11-4F11-885B-DB24C81243A7}.Debug|x86.Build.0 = Debug|Win32
		{7964A509-EE11-4F11-885B-DB24C81243A7}.Release|x64.ActiveCfg = Release|x64
		{7964A509-EE11-4F11-885B-DB24C81243A7}.Release|x64.Build.0 = Release|x64
		{7964A509-EE11-4F11-885B-DB24C81243A7}.Release|x86.ActiveCfg = Release|Win32
		{7964A509-EE11-4F11-885B-DB24C81243A7}.Release|x86.Build.0 = Release|Win32
		{3F3F5D43-FEE4-4656-A992-D4D0371E303D}.Debug|x64.ActiveCfg = Debug|x64
		{3F3F5D43-FEE4-4656-A992-D4D0371E303D}.Debug|x64.Build.0 = Debug|x64
		{3F3F5D43-FEE4-4656-A992-D4D0371E303D}.Debug|x86.ActiveCfg = Debug|Win32
		{3F3F5D43-FEE4-4656-A992-D4D0371E303D}.Debug|x86.Build.0 = Debug|Win32
		{3F3F5D43-FEE4-4656-A992-D4D0371E303D}.Release|x64.ActiveCfg = Release|x64
		{3F3F5D43-FEE4-4656-A992-D4D0371E303D}.Release|x64.Build.0 = Release|x64
		{3F3F5D43-FEE4-4656-A992-D4D0371E303D}.Release|x86.ActiveCfg = Release|Win32
		{3F3F5D43-FEE4-4656-A992-D4D0371E303D}.Release|x86.Build.0 = Release|Win32
		{FDBD3C8E-2DDF-4BBB-A157-0CB0054D5782}.Debug|x64.ActiveCfg = Debug|x64
		{FDBD3C8E-2DDF-4BBB-A157-0CB0054D5782}.Debug|x64.Build.0 = Debug|x64
		{FDBD3C8E-2DDF-4BBB-A157-0CB0054D5782}.Debug|x86.ActiveCfg = Debug|Win32
		{FDBD3C8E-2DDF-4BBB-A157-0CB0054D5782}.Debug|x86.Build.0 = Debug|Win32
		{FDBD3C8E-2DDF-4BBB-A157-0CB0054D5782}.Release|x64.ActiveCfg = Release|x64
		{FDBD3C8E-2DDF-4BBB-A157-0CB0054D5782}.Release|x64.Build.0 = Release|x64
		{FDBD3C8E-2DDF-4BBB-A157-0CB0054D5782}.Release|x86.ActiveCfg = Release|Win32
		{FDBD3C8E-2DDF-4BBB-A157-0CB0054D5782}.Release|x86.Build.0 = Release|Win32
		{0D8AB1EC-7D1C-4475-AB7E-411F36137C94}.Debug|x64.ActiveCfg = Debug|x64
		{0D8AB1EC-7D1C-4475-AB7E-411F36137C94}.Debug|x64.Build.0 = Debug|x64
		{0D8AB1EC-7D1C-4475-AB7E-411F36137C94}.Debug|x86.ActiveCfg = Debug|Win32
		{0D8AB1EC-7D1C-4475-AB7E-411F36137C94}.Debug|x86.Build.0 = Debug|Win32
		{0D8AB1EC-7D1C-4475-AB7E-411F36137C94}.Release|x64.ActiveCfg = Release|x64
		{0D8AB1EC-7D1C-4475-AB7E-411F36137C94}.Release|x64.Build.0 = Release|x64
		{0D8AB1EC-7D1C-4475-AB7E-411F36137C94}.Release|x86.ActiveCfg = Release|Win32
		{0D8AB1EC-7D1C-4475-AB7E-411F36137C94}.Release|x86.Build.0 = Release|Win32
	EndGlobalSection
	GlobalSection(SolutionProperties) = preSolution
		HideSolutionNode = FALSE
	EndGlobalSection
	GlobalSection(ExtensibilityGlobals) = postSolution
		SolutionGuid = {EF9398F1-471F-471C-A912-ED8B9AA6D67A}
	EndGlobalSection
EndGlobal
